
Microsoft Visual Studio Solution File, Format Version 12.00
# Visual Studio Version 17
VisualStudioVersion = 17.2.32616.157
MinimumVisualStudioVersion = 10.0.40219.1
Project("{8BC9CEB8-8B4A-11D0-8D11-00A0C91BC942}") = "Geometria", "Geometria\Geometria.vcxproj", "{64FCE353-06B7-4924-BD87-A0D45ACC8C3B}"
EndProject
Project("{8BC9CEB8-8B4A-11D0-8D11-00A0C91BC942}") = "CHESS_BOARD", "CHESS_BOARD\CHESS_BOARD.vcxproj", "{7DF472AC-9912-4C65-8758-BA748FBC6061}"
EndProject
Global
	GlobalSection(SolutionConfigurationPlatforms) = preSolution
		Debug|x64 = Debug|x64
		Debug|x86 = Debug|x86
		Release|x64 = Release|x64
		Release|x86 = Release|x86
	EndGlobalSection
	GlobalSection(ProjectConfigurationPlatforms) = postSolution
		{64FCE353-06B7-4924-BD87-A0D45ACC8C3B}.Debug|x64.ActiveCfg = Debug|x64
		{64FCE353-06B7-4924-BD87-A0D45ACC8C3B}.Debug|x64.Build.0 = Debug|x64
		{64FCE353-06B7-4924-BD87-A0D45ACC8C3B}.Debug|x86.ActiveCfg = Debug|Win32
		{64FCE353-06B7-4924-BD87-A0D45ACC8C3B}.Debug|x86.Build.0 = Debug|Win32
		{64FCE353-06B7-4924-BD87-A0D45ACC8C3B}.Release|x64.ActiveCfg = Release|x64
		{64FCE353-06B7-4924-BD87-A0D45ACC8C3B}.Release|x64.Build.0 = Release|x64
		{64FCE353-06B7-4924-BD87-A0D45ACC8C3B}.Release|x86.ActiveCfg = Release|Win32
		{64FCE353-06B7-4924-BD87-A0D45ACC8C3B}.Release|x86.Build.0 = Release|Win32
		{7DF472AC-9912-4C65-8758-BA748FBC6061}.Debug|x64.ActiveCfg = Debug|x64
		{7DF472AC-9912-4C65-8758-BA748FBC6061}.Debug|x64.Build.0 = Debug|x64
		{7DF472AC-9912-4C65-8758-BA748FBC6061}.Debug|x86.ActiveCfg = Debug|Win32
		{7DF472AC-9912-4C65-8758-BA748FBC6061}.Debug|x86.Build.0 = Debug|Win32
		{7DF472AC-9912-4C65-8758-BA748FBC6061}.Release|x64.ActiveCfg = Release|x64
		{7DF472AC-9912-4C65-8758-BA748FBC6061}.Release|x64.Build.0 = Release|x64
		{7DF472AC-9912-4C65-8758-BA748FBC6061}.Release|x86.ActiveCfg = Release|Win32
		{7DF472AC-9912-4C65-8758-BA748FBC6061}.Release|x86.Build.0 = Release|Win32
	EndGlobalSection
	GlobalSection(SolutionProperties) = preSolution
		HideSolutionNode = FALSE
	EndGlobalSection
	GlobalSection(ExtensibilityGlobals) = postSolution
		SolutionGuid = {B503F379-EF06-4109-9697-4D3C0E778D50}
	EndGlobalSection
EndGlobal
